
Microsoft Visual Studio Solution File, Format Version 12.00
# Visual Studio Version 17
VisualStudioVersion = 17.4.33213.308
MinimumVisualStudioVersion = 10.0.40219.1
Project("{FAE04EC0-301F-11D3-BF4B-00C04F79EFBC}") = "TrackMyWalks.Android", "TrackMyWalks.Android\TrackMyWalks.Android.csproj", "{57AAAB31-8782-4E75-B072-B6C590483F02}"
EndProject
Project("{FAE04EC0-301F-11D3-BF4B-00C04F79EFBC}") = "TrackMyWalks.iOS", "TrackMyWalks.iOS\TrackMyWalks.iOS.csproj", "{54FE1ACE-2554-4BC5-8135-99C1083580C3}"
EndProject
Project("{FAE04EC0-301F-11D3-BF4B-00C04F79EFBC}") = "TrackMyWalks", "TrackMyWalks\TrackMyWalks.csproj", "{24794BD2-824F-4B75-8A91-17EB0AF02654}"
EndProject
Global
	GlobalSection(SolutionConfigurationPlatforms) = preSolution
		Debug|Any CPU = Debug|Any CPU
		Debug|iPhone = Debug|iPhone
		Debug|iPhoneSimulator = Debug|iPhoneSimulator
		Release|Any CPU = Release|Any CPU
		Release|iPhone = Release|iPhone
		Release|iPhoneSimulator = Release|iPhoneSimulator
	EndGlobalSection
	GlobalSection(ProjectConfigurationPlatforms) = postSolution
		{57AAAB31-8782-4E75-B072-B6C590483F02}.Debug|Any CPU.ActiveCfg = Debug|Any CPU
		{57AAAB31-8782-4E75-B072-B6C590483F02}.Debug|Any CPU.Build.0 = Debug|Any CPU
		{57AAAB31-8782-4E75-B072-B6C590483F02}.Debug|Any CPU.Deploy.0 = Debug|Any CPU
		{57AAAB31-8782-4E75-B072-B6C590483F02}.Debug|iPhone.ActiveCfg = Debug|Any CPU
		{57AAAB31-8782-4E75-B072-B6C590483F02}.Debug|iPhone.Build.0 = Debug|Any CPU
		{57AAAB31-8782-4E75-B072-B6C590483F02}.Debug|iPhone.Deploy.0 = Debug|Any CPU
		{57AAAB31-8782-4E75-B072-B6C590483F02}.Debug|iPhoneSimulator.ActiveCfg = Debug|Any CPU
		{57AAAB31-8782-4E75-B072-B6C590483F02}.Debug|iPhoneSimulator.Build.0 = Debug|Any CPU
		{57AAAB31-8782-4E75-B072-B6C590483F02}.Debug|iPhoneSimulator.Deploy.0 = Debug|Any CPU
		{57AAAB31-8782-4E75-B072-B6C590483F02}.Release|Any CPU.ActiveCfg = Release|Any CPU
		{57AAAB31-8782-4E75-B072-B6C590483F02}.Release|Any CPU.Build.0 = Release|Any CPU
		{57AAAB31-8782-4E75-B072-B6C590483F02}.Release|Any CPU.Deploy.0 = Release|Any CPU
		{57AAAB31-8782-4E75-B072-B6C590483F02}.Release|iPhone.ActiveCfg = Release|Any CPU
		{57AAAB31-8782-4E75-B072-B6C590483F02}.Release|iPhone.Build.0 = Release|Any CPU
		{57AAAB31-8782-4E75-B072-B6C590483F02}.Release|iPhone.Deploy.0 = Release|Any CPU
		{57AAAB31-8782-4E75-B072-B6C590483F02}.Release|iPhoneSimulator.ActiveCfg = Release|Any CPU
		{57AAAB31-8782-4E75-B072-B6C590483F02}.Release|iPhoneSimulator.Build.0 = Release|Any CPU
		{57AAAB31-8782-4E75-B072-B6C590483F02}.Release|iPhoneSimulator.Deploy.0 = Release|Any CPU
		{54FE1ACE-2554-4BC5-8135-99C1083580C3}.Debug|Any CPU.ActiveCfg = Debug|iPhone
		{54FE1ACE-2554-4BC5-8135-99C1083580C3}.Debug|Any CPU.Build.0 = Debug|iPhone
		{54FE1ACE-2554-4BC5-8135-99C1083580C3}.Debug|Any CPU.Deploy.0 = Debug|iPhone
		{54FE1ACE-2554-4BC5-8135-99C1083580C3}.Debug|iPhone.ActiveCfg = Debug|iPhone
		{54FE1ACE-2554-4BC5-8135-99C1083580C3}.Debug|iPhone.Build.0 = Debug|iPhone
		{54FE1ACE-2554-4BC5-8135-99C1083580C3}.Debug|iPhone.Deploy.0 = Debug|iPhone
		{54FE1ACE-2554-4BC5-8135-99C1083580C3}.Debug|iPhoneSimulator.ActiveCfg = Debug|iPhoneSimulator
		{54FE1ACE-2554-4BC5-8135-99C1083580C3}.Debug|iPhoneSimulator.Build.0 = Debug|iPhoneSimulator
		{54FE1ACE-2554-4BC5-8135-99C1083580C3}.Debug|iPhoneSimulator.Deploy.0 = Debug|iPhoneSimulator
		{54FE1ACE-2554-4BC5-8135-99C1083580C3}.Release|Any CPU.ActiveCfg = Release|iPhoneSimulator
		{54FE1ACE-2554-4BC5-8135-99C1083580C3}.Release|Any CPU.Build.0 = Release|iPhoneSimulator
		{54FE1ACE-2554-4BC5-8135-99C1083580C3}.Release|Any CPU.Deploy.0 = Release|iPhoneSimulator
		{54FE1ACE-2554-4BC5-8135-99C1083580C3}.Release|iPhone.ActiveCfg = Release|iPhone
		{54FE1ACE-2554-4BC5-8135-99C1083580C3}.Release|iPhone.Build.0 = Release|iPhone
		{54FE1ACE-2554-4BC5-8135-99C1083580C3}.Release|iPhone.Deploy.0 = Release|iPhone
		{54FE1ACE-2554-4BC5-8135-99C1083580C3}.Release|iPhoneSimulator.ActiveCfg = Release|iPhoneSimulator
		{54FE1ACE-2554-4BC5-8135-99C1083580C3}.Release|iPhoneSimulator.Build.0 = Release|iPhoneSimulator
		{54FE1ACE-2554-4BC5-8135-99C1083580C3}.Release|iPhoneSimulator.Deploy.0 = Release|iPhoneSimulator
		{24794BD2-824F-4B75-8A91-17EB0AF02654}.Debug|Any CPU.ActiveCfg = Debug|Any CPU
		{24794BD2-824F-4B75-8A91-17EB0AF02654}.Debug|Any CPU.Build.0 = Debug|Any CPU
		{24794BD2-824F-4B75-8A91-17EB0AF02654}.Debug|Any CPU.Deploy.0 = Debug|Any CPU
		{24794BD2-824F-4B75-8A91-17EB0AF02654}.Debug|iPhone.ActiveCfg = Debug|Any CPU
		{24794BD2-824F-4B75-8A91-17EB0AF02654}.Debug|iPhone.Build.0 = Debug|Any CPU
		{24794BD2-824F-4B75-8A91-17EB0AF02654}.Debug|iPhone.Deploy.0 = Debug|Any CPU
		{24794BD2-824F-4B75-8A91-17EB0AF02654}.Debug|iPhoneSimulator.ActiveCfg = Debug|Any CPU
		{24794BD2-824F-4B75-8A91-17EB0AF02654}.Debug|iPhoneSimulator.Build.0 = Debug|Any CPU
		{24794BD2-824F-4B75-8A91-17EB0AF02654}.Debug|iPhoneSimulator.Deploy.0 = Debug|Any CPU
		{24794BD2-824F-4B75-8A91-17EB0AF02654}.Release|Any CPU.ActiveCfg = Release|Any CPU
		{24794BD2-824F-4B75-8A91-17EB0AF02654}.Release|Any CPU.Build.0 = Release|Any CPU
		{24794BD2-824F-4B75-8A91-17EB0AF02654}.Release|Any CPU.Deploy.0 = Release|Any CPU
		{24794BD2-824F-4B75-8A91-17EB0AF02654}.Release|iPhone.ActiveCfg = Release|Any CPU
		{24794BD2-824F-4B75-8A91-17EB0AF02654}.Release|iPhone.Build.0 = Release|Any CPU
		{24794BD2-824F-4B75-8A91-17EB0AF02654}.Release|iPhone.Deploy.0 = Release|Any CPU
		{24794BD2-824F-4B75-8A91-17EB0AF02654}.Release|iPhoneSimulator.ActiveCfg = Release|Any CPU
		{24794BD2-824F-4B75-8A91-17EB0AF02654}.Release|iPhoneSimulator.Build.0 = Release|Any CPU
		{24794BD2-824F-4B75-8A91-17EB0AF02654}.Release|iPhoneSimulator.Deploy.0 = Release|Any CPU
	EndGlobalSection
	GlobalSection(SolutionProperties) = preSolution
		HideSolutionNode = FALSE
	EndGlobalSection
	GlobalSection(ExtensibilityGlobals) = postSolution
		SolutionGuid = {56263AF5-9701-4B91-BD3C-7DD33424316D}
	EndGlobalSection
EndGlobal
